
Microsoft Visual Studio Solution File, Format Version 12.00
# Visual Studio Version 16
VisualStudioVersion = 25.0.1706.7
MinimumVisualStudioVersion = 10.0.40219.1
Project("{FAE04EC0-301F-11D3-BF4B-00C04F79EFBC}") = "Rabbit.Models", "Rabbit.Models\Rabbit.Models.csproj", "{8701D659-2EB3-42B1-B0AF-41C2D5209409}"
EndProject
Project("{FAE04EC0-301F-11D3-BF4B-00C04F79EFBC}") = "Rabbit.Repositories", "Rabbit.Repositories\Rabbit.Repositories.csproj", "{5D2A2EBE-7DBE-4FB6-B9D9-2C621615D014}"
EndProject
Project("{FAE04EC0-301F-11D3-BF4B-00C04F79EFBC}") = "Rabbit.Services", "Rabbit.Services\Rabbit.Services.csproj", "{E9A591BF-BC44-4FF9-B92A-31707D797FBB}"
EndProject
Project("{FAE04EC0-301F-11D3-BF4B-00C04F79EFBC}") = "Rabbit.Consumer.API", "Rabbit.Consumer.API\Rabbit.Consumer.API.csproj", "{EAEBC1BD-B179-4F8C-8FAC-B9C1B01E0994}"
EndProject
Project("{FAE04EC0-301F-11D3-BF4B-00C04F79EFBC}") = "Rabbit.Publisher.API", "Rabbit.Publisher.API\Rabbit.Publisher.API.csproj", "{FEA4C4B1-250A-4F3D-BB15-9DDC1C490118}"
EndProject
Global
	GlobalSection(SolutionConfigurationPlatforms) = preSolution
		Debug|Any CPU = Debug|Any CPU
		Release|Any CPU = Release|Any CPU
	EndGlobalSection
	GlobalSection(ProjectConfigurationPlatforms) = postSolution
		{8701D659-2EB3-42B1-B0AF-41C2D5209409}.Debug|Any CPU.ActiveCfg = Debug|Any CPU
		{8701D659-2EB3-42B1-B0AF-41C2D5209409}.Debug|Any CPU.Build.0 = Debug|Any CPU
		{8701D659-2EB3-42B1-B0AF-41C2D5209409}.Release|Any CPU.ActiveCfg = Release|Any CPU
		{8701D659-2EB3-42B1-B0AF-41C2D5209409}.Release|Any CPU.Build.0 = Release|Any CPU
		{5D2A2EBE-7DBE-4FB6-B9D9-2C621615D014}.Debug|Any CPU.ActiveCfg = Debug|Any CPU
		{5D2A2EBE-7DBE-4FB6-B9D9-2C621615D014}.Debug|Any CPU.Build.0 = Debug|Any CPU
		{5D2A2EBE-7DBE-4FB6-B9D9-2C621615D014}.Release|Any CPU.ActiveCfg = Release|Any CPU
		{5D2A2EBE-7DBE-4FB6-B9D9-2C621615D014}.Release|Any CPU.Build.0 = Release|Any CPU
		{E9A591BF-BC44-4FF9-B92A-31707D797FBB}.Debug|Any CPU.ActiveCfg = Debug|Any CPU
		{E9A591BF-BC44-4FF9-B92A-31707D797FBB}.Debug|Any CPU.Build.0 = Debug|Any CPU
		{E9A591BF-BC44-4FF9-B92A-31707D797FBB}.Release|Any CPU.ActiveCfg = Release|Any CPU
		{E9A591BF-BC44-4FF9-B92A-31707D797FBB}.Release|Any CPU.Build.0 = Release|Any CPU
		{EAEBC1BD-B179-4F8C-8FAC-B9C1B01E0994}.Debug|Any CPU.ActiveCfg = Debug|Any CPU
		{EAEBC1BD-B179-4F8C-8FAC-B9C1B01E0994}.Debug|Any CPU.Build.0 = Debug|Any CPU
		{EAEBC1BD-B179-4F8C-8FAC-B9C1B01E0994}.Release|Any CPU.ActiveCfg = Release|Any CPU
		{EAEBC1BD-B179-4F8C-8FAC-B9C1B01E0994}.Release|Any CPU.Build.0 = Release|Any CPU
		{FEA4C4B1-250A-4F3D-BB15-9DDC1C490118}.Debug|Any CPU.ActiveCfg = Debug|Any CPU
		{FEA4C4B1-250A-4F3D-BB15-9DDC1C490118}.Debug|Any CPU.Build.0 = Debug|Any CPU
		{FEA4C4B1-250A-4F3D-BB15-9DDC1C490118}.Release|Any CPU.ActiveCfg = Release|Any CPU
		{FEA4C4B1-250A-4F3D-BB15-9DDC1C490118}.Release|Any CPU.Build.0 = Release|Any CPU
	EndGlobalSection
	GlobalSection(SolutionProperties) = preSolution
		HideSolutionNode = FALSE
	EndGlobalSection
	GlobalSection(ExtensibilityGlobals) = postSolution
		SolutionGuid = {31BF55F1-3BB9-4C64-8D1F-718FC00B7E17}
	EndGlobalSection
EndGlobal
